
Microsoft Visual Studio Solution File, Format Version 12.00
# Visual Studio Version 17
VisualStudioVersion = 17.1.32210.238
MinimumVisualStudioVersion = 10.0.40219.1
Project("{FAE04EC0-301F-11D3-BF4B-00C04F79EFBC}") = "Polling.API", "Polling.API.csproj", "{8DE4AA58-33FD-44ED-A34A-965AA50DC914}"
EndProject
Project("{FAE04EC0-301F-11D3-BF4B-00C04F79EFBC}") = "Polling.Tests", "..\Polling.Tests\Polling.Tests.csproj", "{6764A6C7-5591-4815-9B4B-0723794FBC5F}"
EndProject
Project("{FAE04EC0-301F-11D3-BF4B-00C04F79EFBC}") = "Polling.Infrastructure", "..\Polling.Infrastructure\Polling.Infrastructure.csproj", "{866E3FB4-D132-43B3-B93F-A400A654F43D}"
EndProject
Project("{FAE04EC0-301F-11D3-BF4B-00C04F79EFBC}") = "Polling.Domain", "..\Polling.Domain\Polling.Domain.csproj", "{9C8C2AE8-DF1C-4479-80E7-270D258655EC}"
EndProject
Project("{FAE04EC0-301F-11D3-BF4B-00C04F79EFBC}") = "Polling.Application", "..\Polling.Application\Polling.Application.csproj", "{DA2C3FF7-12B0-4A0A-83B9-1C4AA75A91C5}"
EndProject
Global
	GlobalSection(SolutionConfigurationPlatforms) = preSolution
		Debug|Any CPU = Debug|Any CPU
		Release|Any CPU = Release|Any CPU
	EndGlobalSection
	GlobalSection(ProjectConfigurationPlatforms) = postSolution
		{8DE4AA58-33FD-44ED-A34A-965AA50DC914}.Debug|Any CPU.ActiveCfg = Debug|Any CPU
		{8DE4AA58-33FD-44ED-A34A-965AA50DC914}.Debug|Any CPU.Build.0 = Debug|Any CPU
		{8DE4AA58-33FD-44ED-A34A-965AA50DC914}.Release|Any CPU.ActiveCfg = Release|Any CPU
		{8DE4AA58-33FD-44ED-A34A-965AA50DC914}.Release|Any CPU.Build.0 = Release|Any CPU
		{6764A6C7-5591-4815-9B4B-0723794FBC5F}.Debug|Any CPU.ActiveCfg = Debug|Any CPU
		{6764A6C7-5591-4815-9B4B-0723794FBC5F}.Debug|Any CPU.Build.0 = Debug|Any CPU
		{6764A6C7-5591-4815-9B4B-0723794FBC5F}.Release|Any CPU.ActiveCfg = Release|Any CPU
		{6764A6C7-5591-4815-9B4B-0723794FBC5F}.Release|Any CPU.Build.0 = Release|Any CPU
		{866E3FB4-D132-43B3-B93F-A400A654F43D}.Debug|Any CPU.ActiveCfg = Debug|Any CPU
		{866E3FB4-D132-43B3-B93F-A400A654F43D}.Debug|Any CPU.Build.0 = Debug|Any CPU
		{866E3FB4-D132-43B3-B93F-A400A654F43D}.Release|Any CPU.ActiveCfg = Release|Any CPU
		{866E3FB4-D132-43B3-B93F-A400A654F43D}.Release|Any CPU.Build.0 = Release|Any CPU
		{9C8C2AE8-DF1C-4479-80E7-270D258655EC}.Debug|Any CPU.ActiveCfg = Debug|Any CPU
		{9C8C2AE8-DF1C-4479-80E7-270D258655EC}.Debug|Any CPU.Build.0 = Debug|Any CPU
		{9C8C2AE8-DF1C-4479-80E7-270D258655EC}.Release|Any CPU.ActiveCfg = Release|Any CPU
		{9C8C2AE8-DF1C-4479-80E7-270D258655EC}.Release|Any CPU.Build.0 = Release|Any CPU
		{DA2C3FF7-12B0-4A0A-83B9-1C4AA75A91C5}.Debug|Any CPU.ActiveCfg = Debug|Any CPU
		{DA2C3FF7-12B0-4A0A-83B9-1C4AA75A91C5}.Debug|Any CPU.Build.0 = Debug|Any CPU
		{DA2C3FF7-12B0-4A0A-83B9-1C4AA75A91C5}.Release|Any CPU.ActiveCfg = Release|Any CPU
		{DA2C3FF7-12B0-4A0A-83B9-1C4AA75A91C5}.Release|Any CPU.Build.0 = Release|Any CPU
	EndGlobalSection
	GlobalSection(SolutionProperties) = preSolution
		HideSolutionNode = FALSE
	EndGlobalSection
	GlobalSection(ExtensibilityGlobals) = postSolution
		SolutionGuid = {0CB9BF56-E638-4A05-87C4-BDDECB0FDDC2}
	EndGlobalSection
EndGlobal
