
Microsoft Visual Studio Solution File, Format Version 12.00
# Visual Studio Version 16
VisualStudioVersion = 16.0.31624.102
MinimumVisualStudioVersion = 10.0.40219.1
Project("{9A19103F-16F7-4668-BE54-9A1E7A4F7556}") = "Polling.API", "Services\Polling\Polling.API\Polling.API.csproj", "{8DE4AA58-33FD-44ED-A34A-965AA50DC914}"
EndProject
Project("{9A19103F-16F7-4668-BE54-9A1E7A4F7556}") = "Polling.Tests", "Services\Polling\Polling.Tests\Polling.Tests.csproj", "{6764A6C7-5591-4815-9B4B-0723794FBC5F}"
EndProject
Project("{9A19103F-16F7-4668-BE54-9A1E7A4F7556}") = "Polling.Infrastructure", "Services\Polling\Polling.Infrastructure\Polling.Infrastructure.csproj", "{866E3FB4-D132-43B3-B93F-A400A654F43D}"
EndProject
Project("{9A19103F-16F7-4668-BE54-9A1E7A4F7556}") = "Polling.Domain", "Services\Polling\Polling.Domain\Polling.Domain.csproj", "{9C8C2AE8-DF1C-4479-80E7-270D258655EC}"
EndProject
Project("{9A19103F-16F7-4668-BE54-9A1E7A4F7556}") = "Polling.Application", "Services\Polling\Polling.Application\Polling.Application.csproj", "{DA2C3FF7-12B0-4A0A-83B9-1C4AA75A91C5}"
EndProject
Project("{2150E333-8FDC-42A3-9474-1A3956D46DE8}") = "Services", "Services", "{3E1F91A1-50DD-4382-BA63-182C3ED76333}"
EndProject
Project("{2150E333-8FDC-42A3-9474-1A3956D46DE8}") = "Polling", "Polling", "{C74319CB-63D5-46C6-82DC-33C1BFE18F86}"
EndProject
Project("{9A19103F-16F7-4668-BE54-9A1E7A4F7556}") = "IdentityService", "Services\Identity\IdentityService.csproj", "{62B8BF0C-EB1C-4A72-B4EE-9BFDE4DAACE0}"
EndProject
Project("{2150E333-8FDC-42A3-9474-1A3956D46DE8}") = "Identity", "Identity", "{74901D9E-34B7-496E-8DCD-F4E8770E7D9C}"
EndProject
Global
	GlobalSection(SolutionConfigurationPlatforms) = preSolution
		Debug|Any CPU = Debug|Any CPU
		Release|Any CPU = Release|Any CPU
	EndGlobalSection
	GlobalSection(ProjectConfigurationPlatforms) = postSolution
		{8DE4AA58-33FD-44ED-A34A-965AA50DC914}.Debug|Any CPU.ActiveCfg = Debug|Any CPU
		{8DE4AA58-33FD-44ED-A34A-965AA50DC914}.Debug|Any CPU.Build.0 = Debug|Any CPU
		{8DE4AA58-33FD-44ED-A34A-965AA50DC914}.Release|Any CPU.ActiveCfg = Release|Any CPU
		{8DE4AA58-33FD-44ED-A34A-965AA50DC914}.Release|Any CPU.Build.0 = Release|Any CPU
		{6764A6C7-5591-4815-9B4B-0723794FBC5F}.Debug|Any CPU.ActiveCfg = Debug|Any CPU
		{6764A6C7-5591-4815-9B4B-0723794FBC5F}.Debug|Any CPU.Build.0 = Debug|Any CPU
		{6764A6C7-5591-4815-9B4B-0723794FBC5F}.Release|Any CPU.ActiveCfg = Release|Any CPU
		{6764A6C7-5591-4815-9B4B-0723794FBC5F}.Release|Any CPU.Build.0 = Release|Any CPU
		{866E3FB4-D132-43B3-B93F-A400A654F43D}.Debug|Any CPU.ActiveCfg = Debug|Any CPU
		{866E3FB4-D132-43B3-B93F-A400A654F43D}.Debug|Any CPU.Build.0 = Debug|Any CPU
		{866E3FB4-D132-43B3-B93F-A400A654F43D}.Release|Any CPU.ActiveCfg = Release|Any CPU
		{866E3FB4-D132-43B3-B93F-A400A654F43D}.Release|Any CPU.Build.0 = Release|Any CPU
		{9C8C2AE8-DF1C-4479-80E7-270D258655EC}.Debug|Any CPU.ActiveCfg = Debug|Any CPU
		{9C8C2AE8-DF1C-4479-80E7-270D258655EC}.Debug|Any CPU.Build.0 = Debug|Any CPU
		{9C8C2AE8-DF1C-4479-80E7-270D258655EC}.Release|Any CPU.ActiveCfg = Release|Any CPU
		{9C8C2AE8-DF1C-4479-80E7-270D258655EC}.Release|Any CPU.Build.0 = Release|Any CPU
		{DA2C3FF7-12B0-4A0A-83B9-1C4AA75A91C5}.Debug|Any CPU.ActiveCfg = Debug|Any CPU
		{DA2C3FF7-12B0-4A0A-83B9-1C4AA75A91C5}.Debug|Any CPU.Build.0 = Debug|Any CPU
		{DA2C3FF7-12B0-4A0A-83B9-1C4AA75A91C5}.Release|Any CPU.ActiveCfg = Release|Any CPU
		{DA2C3FF7-12B0-4A0A-83B9-1C4AA75A91C5}.Release|Any CPU.Build.0 = Release|Any CPU
		{62B8BF0C-EB1C-4A72-B4EE-9BFDE4DAACE0}.Debug|Any CPU.ActiveCfg = Debug|Any CPU
		{62B8BF0C-EB1C-4A72-B4EE-9BFDE4DAACE0}.Debug|Any CPU.Build.0 = Debug|Any CPU
		{62B8BF0C-EB1C-4A72-B4EE-9BFDE4DAACE0}.Release|Any CPU.ActiveCfg = Release|Any CPU
		{62B8BF0C-EB1C-4A72-B4EE-9BFDE4DAACE0}.Release|Any CPU.Build.0 = Release|Any CPU
	EndGlobalSection
	GlobalSection(SolutionProperties) = preSolution
		HideSolutionNode = FALSE
	EndGlobalSection
	GlobalSection(NestedProjects) = preSolution
		{8DE4AA58-33FD-44ED-A34A-965AA50DC914} = {C74319CB-63D5-46C6-82DC-33C1BFE18F86}
		{6764A6C7-5591-4815-9B4B-0723794FBC5F} = {C74319CB-63D5-46C6-82DC-33C1BFE18F86}
		{866E3FB4-D132-43B3-B93F-A400A654F43D} = {C74319CB-63D5-46C6-82DC-33C1BFE18F86}
		{9C8C2AE8-DF1C-4479-80E7-270D258655EC} = {C74319CB-63D5-46C6-82DC-33C1BFE18F86}
		{DA2C3FF7-12B0-4A0A-83B9-1C4AA75A91C5} = {C74319CB-63D5-46C6-82DC-33C1BFE18F86}
		{C74319CB-63D5-46C6-82DC-33C1BFE18F86} = {3E1F91A1-50DD-4382-BA63-182C3ED76333}
		{62B8BF0C-EB1C-4A72-B4EE-9BFDE4DAACE0} = {74901D9E-34B7-496E-8DCD-F4E8770E7D9C}
		{74901D9E-34B7-496E-8DCD-F4E8770E7D9C} = {3E1F91A1-50DD-4382-BA63-182C3ED76333}
	EndGlobalSection
	GlobalSection(ExtensibilityGlobals) = postSolution
		SolutionGuid = {0CB9BF56-E638-4A05-87C4-BDDECB0FDDC2}
	EndGlobalSection
EndGlobal
